
Microsoft Visual Studio Solution File, Format Version 12.00
# Visual Studio Version 16
VisualStudioVersion = 16.0.29230.47
MinimumVisualStudioVersion = 10.0.40219.1
Project("{FAE04EC0-301F-11D3-BF4B-00C04F79EFBC}") = "CatEngine", "CatEngine\CatEngine.csproj", "{2E83C321-1A7A-42DE-888D-B9DE5122D1C4}"
EndProject
Project("{FAE04EC0-301F-11D3-BF4B-00C04F79EFBC}") = "CatEd", "CatEd\CatEd.csproj", "{95818108-F4E9-4497-B78F-B86ED27333E3}"
EndProject
Project("{FAE04EC0-301F-11D3-BF4B-00C04F79EFBC}") = "BullSheet", "BullSheet\BullSheet.csproj", "{47ED995F-D320-45BF-872A-6D38F3852F48}"
EndProject
Project("{FAE04EC0-301F-11D3-BF4B-00C04F79EFBC}") = "PropsForThat", "PropsForThat\PropsForThat.csproj", "{17284F1F-EB8A-4719-82F3-C5F106DC3F6D}"
EndProject
Project("{FAE04EC0-301F-11D3-BF4B-00C04F79EFBC}") = "AbsoluteMapMan", "AbsoluteMapMan\AbsoluteMapMan.csproj", "{9609C0AF-A1B5-438A-AF80-66B43E4A10DB}"
EndProject
Global
	GlobalSection(SolutionConfigurationPlatforms) = preSolution
		Debug|Any CPU = Debug|Any CPU
		Debug|x86 = Debug|x86
		Release|Any CPU = Release|Any CPU
		Release|x86 = Release|x86
	EndGlobalSection
	GlobalSection(ProjectConfigurationPlatforms) = postSolution
		{2E83C321-1A7A-42DE-888D-B9DE5122D1C4}.Debug|Any CPU.ActiveCfg = Debug|x86
		{2E83C321-1A7A-42DE-888D-B9DE5122D1C4}.Debug|x86.ActiveCfg = Debug|x86
		{2E83C321-1A7A-42DE-888D-B9DE5122D1C4}.Debug|x86.Build.0 = Debug|x86
		{2E83C321-1A7A-42DE-888D-B9DE5122D1C4}.Release|Any CPU.ActiveCfg = Release|x86
		{2E83C321-1A7A-42DE-888D-B9DE5122D1C4}.Release|x86.ActiveCfg = Release|x86
		{2E83C321-1A7A-42DE-888D-B9DE5122D1C4}.Release|x86.Build.0 = Release|x86
		{95818108-F4E9-4497-B78F-B86ED27333E3}.Debug|Any CPU.ActiveCfg = Debug|Any CPU
		{95818108-F4E9-4497-B78F-B86ED27333E3}.Debug|Any CPU.Build.0 = Debug|Any CPU
		{95818108-F4E9-4497-B78F-B86ED27333E3}.Debug|x86.ActiveCfg = Debug|Any CPU
		{95818108-F4E9-4497-B78F-B86ED27333E3}.Debug|x86.Build.0 = Debug|Any CPU
		{95818108-F4E9-4497-B78F-B86ED27333E3}.Release|Any CPU.ActiveCfg = Release|Any CPU
		{95818108-F4E9-4497-B78F-B86ED27333E3}.Release|Any CPU.Build.0 = Release|Any CPU
		{95818108-F4E9-4497-B78F-B86ED27333E3}.Release|x86.ActiveCfg = Release|Any CPU
		{95818108-F4E9-4497-B78F-B86ED27333E3}.Release|x86.Build.0 = Release|Any CPU
		{47ED995F-D320-45BF-872A-6D38F3852F48}.Debug|Any CPU.ActiveCfg = Debug|Any CPU
		{47ED995F-D320-45BF-872A-6D38F3852F48}.Debug|Any CPU.Build.0 = Debug|Any CPU
		{47ED995F-D320-45BF-872A-6D38F3852F48}.Debug|x86.ActiveCfg = Debug|Any CPU
		{47ED995F-D320-45BF-872A-6D38F3852F48}.Debug|x86.Build.0 = Debug|Any CPU
		{47ED995F-D320-45BF-872A-6D38F3852F48}.Release|Any CPU.ActiveCfg = Release|Any CPU
		{47ED995F-D320-45BF-872A-6D38F3852F48}.Release|Any CPU.Build.0 = Release|Any CPU
		{47ED995F-D320-45BF-872A-6D38F3852F48}.Release|x86.ActiveCfg = Release|Any CPU
		{47ED995F-D320-45BF-872A-6D38F3852F48}.Release|x86.Build.0 = Release|Any CPU
		{17284F1F-EB8A-4719-82F3-C5F106DC3F6D}.Debug|Any CPU.ActiveCfg = Debug|Any CPU
		{17284F1F-EB8A-4719-82F3-C5F106DC3F6D}.Debug|Any CPU.Build.0 = Debug|Any CPU
		{17284F1F-EB8A-4719-82F3-C5F106DC3F6D}.Debug|x86.ActiveCfg = Debug|Any CPU
		{17284F1F-EB8A-4719-82F3-C5F106DC3F6D}.Debug|x86.Build.0 = Debug|Any CPU
		{17284F1F-EB8A-4719-82F3-C5F106DC3F6D}.Release|Any CPU.ActiveCfg = Release|Any CPU
		{17284F1F-EB8A-4719-82F3-C5F106DC3F6D}.Release|Any CPU.Build.0 = Release|Any CPU
		{17284F1F-EB8A-4719-82F3-C5F106DC3F6D}.Release|x86.ActiveCfg = Release|Any CPU
		{17284F1F-EB8A-4719-82F3-C5F106DC3F6D}.Release|x86.Build.0 = Release|Any CPU
		{9609C0AF-A1B5-438A-AF80-66B43E4A10DB}.Debug|Any CPU.ActiveCfg = Debug|Any CPU
		{9609C0AF-A1B5-438A-AF80-66B43E4A10DB}.Debug|Any CPU.Build.0 = Debug|Any CPU
		{9609C0AF-A1B5-438A-AF80-66B43E4A10DB}.Debug|x86.ActiveCfg = Debug|Any CPU
		{9609C0AF-A1B5-438A-AF80-66B43E4A10DB}.Debug|x86.Build.0 = Debug|Any CPU
		{9609C0AF-A1B5-438A-AF80-66B43E4A10DB}.Release|Any CPU.ActiveCfg = Release|Any CPU
		{9609C0AF-A1B5-438A-AF80-66B43E4A10DB}.Release|Any CPU.Build.0 = Release|Any CPU
		{9609C0AF-A1B5-438A-AF80-66B43E4A10DB}.Release|x86.ActiveCfg = Release|Any CPU
		{9609C0AF-A1B5-438A-AF80-66B43E4A10DB}.Release|x86.Build.0 = Release|Any CPU
	EndGlobalSection
	GlobalSection(SolutionProperties) = preSolution
		HideSolutionNode = FALSE
	EndGlobalSection
	GlobalSection(ExtensibilityGlobals) = postSolution
		SolutionGuid = {1CA28699-F9C3-4FC7-A4E7-7F1136F682F2}
	EndGlobalSection
EndGlobal
